
Microsoft Visual Studio Solution File, Format Version 12.00
# Visual Studio Version 16
VisualStudioVersion = 16.0.28729.10
MinimumVisualStudioVersion = 10.0.40219.1
Project("{FAE04EC0-301F-11D3-BF4B-00C04F79EFBC}") = "photoegg4.1", "photoegg4.1\photoegg4.1.csproj", "{3386A32B-99DF-4862-B2FA-8E67C2FAC05F}"
EndProject
Project("{8BC9CEB8-8B4A-11D0-8D11-00A0C91BC942}") = "pixelOperat", "pixelOperat\pixelOperat.vcxproj", "{83A3D6A5-13EA-486B-8056-A384D7DECEBC}"
EndProject
Global
	GlobalSection(SolutionConfigurationPlatforms) = preSolution
		Debug|Any CPU = Debug|Any CPU
		Debug|x64 = Debug|x64
		Debug|x86 = Debug|x86
		Release|Any CPU = Release|Any CPU
		Release|x64 = Release|x64
		Release|x86 = Release|x86
	EndGlobalSection
	GlobalSection(ProjectConfigurationPlatforms) = postSolution
		{3386A32B-99DF-4862-B2FA-8E67C2FAC05F}.Debug|Any CPU.ActiveCfg = Debug|Any CPU
		{3386A32B-99DF-4862-B2FA-8E67C2FAC05F}.Debug|Any CPU.Build.0 = Debug|Any CPU
		{3386A32B-99DF-4862-B2FA-8E67C2FAC05F}.Debug|x64.ActiveCfg = Debug|x64
		{3386A32B-99DF-4862-B2FA-8E67C2FAC05F}.Debug|x64.Build.0 = Debug|x64
		{3386A32B-99DF-4862-B2FA-8E67C2FAC05F}.Debug|x86.ActiveCfg = Debug|Any CPU
		{3386A32B-99DF-4862-B2FA-8E67C2FAC05F}.Debug|x86.Build.0 = Debug|Any CPU
		{3386A32B-99DF-4862-B2FA-8E67C2FAC05F}.Release|Any CPU.ActiveCfg = Release|Any CPU
		{3386A32B-99DF-4862-B2FA-8E67C2FAC05F}.Release|Any CPU.Build.0 = Release|Any CPU
		{3386A32B-99DF-4862-B2FA-8E67C2FAC05F}.Release|x64.ActiveCfg = Release|x64
		{3386A32B-99DF-4862-B2FA-8E67C2FAC05F}.Release|x64.Build.0 = Release|x64
		{3386A32B-99DF-4862-B2FA-8E67C2FAC05F}.Release|x86.ActiveCfg = Release|Any CPU
		{3386A32B-99DF-4862-B2FA-8E67C2FAC05F}.Release|x86.Build.0 = Release|Any CPU
		{83A3D6A5-13EA-486B-8056-A384D7DECEBC}.Debug|Any CPU.ActiveCfg = Debug|Win32
		{83A3D6A5-13EA-486B-8056-A384D7DECEBC}.Debug|x64.ActiveCfg = Debug|x64
		{83A3D6A5-13EA-486B-8056-A384D7DECEBC}.Debug|x64.Build.0 = Debug|x64
		{83A3D6A5-13EA-486B-8056-A384D7DECEBC}.Debug|x86.ActiveCfg = Debug|Win32
		{83A3D6A5-13EA-486B-8056-A384D7DECEBC}.Debug|x86.Build.0 = Debug|Win32
		{83A3D6A5-13EA-486B-8056-A384D7DECEBC}.Release|Any CPU.ActiveCfg = Release|Win32
		{83A3D6A5-13EA-486B-8056-A384D7DECEBC}.Release|x64.ActiveCfg = Release|x64
		{83A3D6A5-13EA-486B-8056-A384D7DECEBC}.Release|x64.Build.0 = Release|x64
		{83A3D6A5-13EA-486B-8056-A384D7DECEBC}.Release|x86.ActiveCfg = Release|Win32
		{83A3D6A5-13EA-486B-8056-A384D7DECEBC}.Release|x86.Build.0 = Release|Win32
	EndGlobalSection
	GlobalSection(SolutionProperties) = preSolution
		HideSolutionNode = FALSE
	EndGlobalSection
	GlobalSection(ExtensibilityGlobals) = postSolution
		SolutionGuid = {75605F16-3D19-4E59-ABD7-1099876B741E}
	EndGlobalSection
EndGlobal
